
Microsoft Visual Studio Solution File, Format Version 12.00
# Visual Studio Version 17
VisualStudioVersion = 17.4.33205.214
MinimumVisualStudioVersion = 10.0.40219.1
Project("{9A19103F-16F7-4668-BE54-9A1E7A4F7556}") = "ConsoleApp_AdressBook", "00_ConsoleApp\ConsoleApp_AdressBook.csproj", "{001758B1-5569-4730-9A2B-09B89FDD7E49}"
EndProject
Project("{9A19103F-16F7-4668-BE54-9A1E7A4F7556}") = "AdressBook.Tests", "AdressBook.Tests\AdressBook.Tests.csproj", "{5C35D81F-28F4-4A96-833B-8C6E72E551F2}"
EndProject
Project("{9A19103F-16F7-4668-BE54-9A1E7A4F7556}") = "Wpf_Adressbook.Tests", "Wpf_Adressbook.Tests\Wpf_Adressbook.Tests.csproj", "{217B2C0B-1ADD-4075-AE5C-E16ABE758C2E}"
EndProject
Project("{9A19103F-16F7-4668-BE54-9A1E7A4F7556}") = "WPF_AdressBook", "WPF_AdressBook\WPF_AdressBook.csproj", "{BAAB740E-6D72-4624-AA20-E1C3C3BEBEA5}"
EndProject
Global
	GlobalSection(SolutionConfigurationPlatforms) = preSolution
		Debug|Any CPU = Debug|Any CPU
		Release|Any CPU = Release|Any CPU
	EndGlobalSection
	GlobalSection(ProjectConfigurationPlatforms) = postSolution
		{001758B1-5569-4730-9A2B-09B89FDD7E49}.Debug|Any CPU.ActiveCfg = Debug|Any CPU
		{001758B1-5569-4730-9A2B-09B89FDD7E49}.Debug|Any CPU.Build.0 = Debug|Any CPU
		{001758B1-5569-4730-9A2B-09B89FDD7E49}.Release|Any CPU.ActiveCfg = Release|Any CPU
		{001758B1-5569-4730-9A2B-09B89FDD7E49}.Release|Any CPU.Build.0 = Release|Any CPU
		{5C35D81F-28F4-4A96-833B-8C6E72E551F2}.Debug|Any CPU.ActiveCfg = Debug|Any CPU
		{5C35D81F-28F4-4A96-833B-8C6E72E551F2}.Debug|Any CPU.Build.0 = Debug|Any CPU
		{5C35D81F-28F4-4A96-833B-8C6E72E551F2}.Release|Any CPU.ActiveCfg = Release|Any CPU
		{5C35D81F-28F4-4A96-833B-8C6E72E551F2}.Release|Any CPU.Build.0 = Release|Any CPU
		{217B2C0B-1ADD-4075-AE5C-E16ABE758C2E}.Debug|Any CPU.ActiveCfg = Debug|Any CPU
		{217B2C0B-1ADD-4075-AE5C-E16ABE758C2E}.Debug|Any CPU.Build.0 = Debug|Any CPU
		{217B2C0B-1ADD-4075-AE5C-E16ABE758C2E}.Release|Any CPU.ActiveCfg = Release|Any CPU
		{217B2C0B-1ADD-4075-AE5C-E16ABE758C2E}.Release|Any CPU.Build.0 = Release|Any CPU
		{BAAB740E-6D72-4624-AA20-E1C3C3BEBEA5}.Debug|Any CPU.ActiveCfg = Debug|Any CPU
		{BAAB740E-6D72-4624-AA20-E1C3C3BEBEA5}.Debug|Any CPU.Build.0 = Debug|Any CPU
		{BAAB740E-6D72-4624-AA20-E1C3C3BEBEA5}.Release|Any CPU.ActiveCfg = Release|Any CPU
		{BAAB740E-6D72-4624-AA20-E1C3C3BEBEA5}.Release|Any CPU.Build.0 = Release|Any CPU
	EndGlobalSection
	GlobalSection(SolutionProperties) = preSolution
		HideSolutionNode = FALSE
	EndGlobalSection
	GlobalSection(ExtensibilityGlobals) = postSolution
		SolutionGuid = {A82B2358-B701-45DF-BA8C-AE35470A0895}
	EndGlobalSection
EndGlobal
